// !$*UTF8*$!
{
	archiveVersion = 1;
	classes = {
	};
	objectVersion = 77;
	objects = {

/* Begin PBXContainerItemProxy section */
		C3BB3FE52CA6C77E00BC0725 /* PBXContainerItemProxy */ = {
			isa = PBXContainerItemProxy;
			containerPortal = C3BB3FCC2CA6C77D00BC0725 /* Project object */;
			proxyType = 1;
			remoteGlobalIDString = C3BB3FD32CA6C77D00BC0725;
			remoteInfo = MySugr;
		};
		C3BB3FEF2CA6C77E00BC0725 /* PBXContainerItemProxy */ = {
			isa = PBXContainerItemProxy;
			containerPortal = C3BB3FCC2CA6C77D00BC0725 /* Project object */;
			proxyType = 1;
			remoteGlobalIDString = C3BB3FD32CA6C77D00BC0725;
			remoteInfo = MySugr;
		};
/* End PBXContainerItemProxy section */

/* Begin PBXFileReference section */
		C3BB3FD42CA6C77D00BC0725 /* MySugr.app */ = {isa = PBXFileReference; explicitFileType = wrapper.application; includeInIndex = 0; path = MySugr.app; sourceTree = BUILT_PRODUCTS_DIR; };
		C3BB3FE42CA6C77E00BC0725 /* MySugrTests.xctest */ = {isa = PBXFileReference; explicitFileType = wrapper.cfbundle; includeInIndex = 0; path = MySugrTests.xctest; sourceTree = BUILT_PRODUCTS_DIR; };
		C3BB3FEE2CA6C77E00BC0725 /* MySugrUITests.xctest */ = {isa = PBXFileReference; explicitFileType = wrapper.cfbundle; includeInIndex = 0; path = MySugrUITests.xctest; sourceTree = BUILT_PRODUCTS_DIR; };
/* End PBXFileReference section */

/* Begin PBXFileSystemSynchronizedRootGroup section */
		C3BB3FD62CA6C77D00BC0725 /* MySugr */ = {
			isa = PBXFileSystemSynchronizedRootGroup;
			path = MySugr;
			sourceTree = "<group>";
		};
		C3BB3FE72CA6C77E00BC0725 /* MySugrTests */ = {
			isa = PBXFileSystemSynchronizedRootGroup;
			path = MySugrTests;
			sourceTree = "<group>";
		};
		C3BB3FF12CA6C77E00BC0725 /* MySugrUITests */ = {
			isa = PBXFileSystemSynchronizedRootGroup;
			path = MySugrUITests;
			sourceTree = "<group>";
		};
/* End PBXFileSystemSynchronizedRootGroup section */

/* Begin PBXFrameworksBuildPhase section */
		C3BB3FD12CA6C77D00BC0725 /* Frameworks */ = {
			isa = PBXFrameworksBuildPhase;
			buildActionMask = 2147483647;
			files = (
			);
			runOnlyForDeploymentPostprocessing = 0;
		};
		C3BB3FE12CA6C77E00BC0725 /* Frameworks */ = {
			isa = PBXFrameworksBuildPhase;
			buildActionMask = 2147483647;
			files = (
			);
			runOnlyForDeploymentPostprocessing = 0;
		};
		C3BB3FEB2CA6C77E00BC0725 /* Frameworks */ = {
			isa = PBXFrameworksBuildPhase;
			buildActionMask = 2147483647;
			files = (
			);
			runOnlyForDeploymentPostprocessing = 0;
		};
/* End PBXFrameworksBuildPhase section */

/* Begin PBXGroup section */
		C3BB3FCB2CA6C77D00BC0725 = {
			isa = PBXGroup;
			children = (
				C3BB3FD62CA6C77D00BC0725 /* MySugr */,
				C3BB3FE72CA6C77E00BC0725 /* MySugrTests */,
				C3BB3FF12CA6C77E00BC0725 /* MySugrUITests */,
				C3BB3FD52CA6C77D00BC0725 /* Products */,
			);
			sourceTree = "<group>";
		};
		C3BB3FD52CA6C77D00BC0725 /* Products */ = {
			isa = PBXGroup;
			children = (
				C3BB3FD42CA6C77D00BC0725 /* MySugr.app */,
				C3BB3FE42CA6C77E00BC0725 /* MySugrTests.xctest */,
				C3BB3FEE2CA6C77E00BC0725 /* MySugrUITests.xctest */,
			);
			name = Products;
			sourceTree = "<group>";
		};
/* End PBXGroup section */

/* Begin PBXNativeTarget section */
		C3BB3FD32CA6C77D00BC0725 /* MySugr */ = {
			isa = PBXNativeTarget;
			buildConfigurationList = C3BB3FF82CA6C77E00BC0725 /* Build configuration list for PBXNativeTarget "MySugr" */;
			buildPhases = (
				C3BB3FD02CA6C77D00BC0725 /* Sources */,
				C3BB3FD12CA6C77D00BC0725 /* Frameworks */,
				C3BB3FD22CA6C77D00BC0725 /* Resources */,
			);
			buildRules = (
			);
			dependencies = (
			);
			fileSystemSynchronizedGroups = (
				C3BB3FD62CA6C77D00BC0725 /* MySugr */,
			);
			name = MySugr;
			packageProductDependencies = (
			);
			productName = MySugr;
			productReference = C3BB3FD42CA6C77D00BC0725 /* MySugr.app */;
			productType = "com.apple.product-type.application";
		};
		C3BB3FE32CA6C77E00BC0725 /* MySugrTests */ = {
			isa = PBXNativeTarget;
			buildConfigurationList = C3BB3FFB2CA6C77E00BC0725 /* Build configuration list for PBXNativeTarget "MySugrTests" */;
			buildPhases = (
				C3BB3FE02CA6C77E00BC0725 /* Sources */,
				C3BB3FE12CA6C77E00BC0725 /* Frameworks */,
				C3BB3FE22CA6C77E00BC0725 /* Resources */,
			);
			buildRules = (
			);
			dependencies = (
				C3BB3FE62CA6C77E00BC0725 /* PBXTargetDependency */,
			);
			fileSystemSynchronizedGroups = (
				C3BB3FE72CA6C77E00BC0725 /* MySugrTests */,
			);
			name = MySugrTests;
			packageProductDependencies = (
			);
			productName = MySugrTests;
			productReference = C3BB3FE42CA6C77E00BC0725 /* MySugrTests.xctest */;
			productType = "com.apple.product-type.bundle.unit-test";
		};
		C3BB3FED2CA6C77E00BC0725 /* MySugrUITests */ = {
			isa = PBXNativeTarget;
			buildConfigurationList = C3BB3FFE2CA6C77E00BC0725 /* Build configuration list for PBXNativeTarget "MySugrUITests" */;
			buildPhases = (
				C3BB3FEA2CA6C77E00BC0725 /* Sources */,
				C3BB3FEB2CA6C77E00BC0725 /* Frameworks */,
				C3BB3FEC2CA6C77E00BC0725 /* Resources */,
			);
			buildRules = (
			);
			dependencies = (
				C3BB3FF02CA6C77E00BC0725 /* PBXTargetDependency */,
			);
			fileSystemSynchronizedGroups = (
				C3BB3FF12CA6C77E00BC0725 /* MySugrUITests */,
			);
			name = MySugrUITests;
			packageProductDependencies = (
			);
			productName = MySugrUITests;
			productReference = C3BB3FEE2CA6C77E00BC0725 /* MySugrUITests.xctest */;
			productType = "com.apple.product-type.bundle.ui-testing";
		};
/* End PBXNativeTarget section */

/* Begin PBXProject section */
		C3BB3FCC2CA6C77D00BC0725 /* Project object */ = {
			isa = PBXProject;
			attributes = {
				BuildIndependentTargetsInParallel = 1;
				LastSwiftUpdateCheck = 1600;
				LastUpgradeCheck = 1600;
				TargetAttributes = {
					C3BB3FD32CA6C77D00BC0725 = {
						CreatedOnToolsVersion = 16.0;
					};
					C3BB3FE32CA6C77E00BC0725 = {
						CreatedOnToolsVersion = 16.0;
						TestTargetID = C3BB3FD32CA6C77D00BC0725;
					};
					C3BB3FED2CA6C77E00BC0725 = {
						CreatedOnToolsVersion = 16.0;
						TestTargetID = C3BB3FD32CA6C77D00BC0725;
					};
				};
			};
			buildConfigurationList = C3BB3FCF2CA6C77D00BC0725 /* Build configuration list for PBXProject "MySugr" */;
			developmentRegion = en;
			hasScannedForEncodings = 0;
			knownRegions = (
				en,
				Base,
			);
			mainGroup = C3BB3FCB2CA6C77D00BC0725;
			minimizedProjectReferenceProxies = 1;
			preferredProjectObjectVersion = 77;
			productRefGroup = C3BB3FD52CA6C77D00BC0725 /* Products */;
			projectDirPath = "";
			projectRoot = "";
			targets = (
				C3BB3FD32CA6C77D00BC0725 /* MySugr */,
				C3BB3FE32CA6C77E00BC0725 /* MySugrTests */,
				C3BB3FED2CA6C77E00BC0725 /* MySugrUITests */,
			);
		};
/* End PBXProject section */

/* Begin PBXResourcesBuildPhase section */
		C3BB3FD22CA6C77D00BC0725 /* Resources */ = {
			isa = PBXResourcesBuildPhase;
			buildActionMask = 2147483647;
			files = (
			);
			runOnlyForDeploymentPostprocessing = 0;
		};
		C3BB3FE22CA6C77E00BC0725 /* Resources */ = {
			isa = PBXResourcesBuildPhase;
			buildActionMask = 2147483647;
			files = (
			);
			runOnlyForDeploymentPostprocessing = 0;
		};
		C3BB3FEC2CA6C77E00BC0725 /* Resources */ = {
			isa = PBXResourcesBuildPhase;
			buildActionMask = 2147483647;
			files = (
			);
			runOnlyForDeploymentPostprocessing = 0;
		};
/* End PBXResourcesBuildPhase section */

/* Begin PBXSourcesBuildPhase section */
		C3BB3FD02CA6C77D00BC0725 /* Sources */ = {
			isa = PBXSourcesBuildPhase;
			buildActionMask = 2147483647;
			files = (
			);
			runOnlyForDeploymentPostprocessing = 0;
		};
		C3BB3FE02CA6C77E00BC0725 /* Sources */ = {
			isa = PBXSourcesBuildPhase;
			buildActionMask = 2147483647;
			files = (
			);
			runOnlyForDeploymentPostprocessing = 0;
		};
		C3BB3FEA2CA6C77E00BC0725 /* Sources */ = {
			isa = PBXSourcesBuildPhase;
			buildActionMask = 2147483647;
			files = (
			);
			runOnlyForDeploymentPostprocessing = 0;
		};
/* End PBXSourcesBuildPhase section */

/* Begin PBXTargetDependency section */
		C3BB3FE62CA6C77E00BC0725 /* PBXTargetDependency */ = {
			isa = PBXTargetDependency;
			target = C3BB3FD32CA6C77D00BC0725 /* MySugr */;
			targetProxy = C3BB3FE52CA6C77E00BC0725 /* PBXContainerItemProxy */;
		};
		C3BB3FF02CA6C77E00BC0725 /* PBXTargetDependency */ = {
			isa = PBXTargetDependency;
			target = C3BB3FD32CA6C77D00BC0725 /* MySugr */;
			targetProxy = C3BB3FEF2CA6C77E00BC0725 /* PBXContainerItemProxy */;
		};
/* End PBXTargetDependency section */

/* Begin XCBuildConfiguration section */
		C3BB3FF62CA6C77E00BC0725 /* Debug */ = {
			isa = XCBuildConfiguration;
			buildSettings = {
				ALWAYS_SEARCH_USER_PATHS = NO;
				ASSETCATALOG_COMPILER_GENERATE_SWIFT_ASSET_SYMBOL_EXTENSIONS = YES;
				CLANG_ANALYZER_NONNULL = YES;
				CLANG_ANALYZER_NUMBER_OBJECT_CONVERSION = YES_AGGRESSIVE;
				CLANG_CXX_LANGUAGE_STANDARD = "gnu++20";
				CLANG_ENABLE_MODULES = YES;
				CLANG_ENABLE_OBJC_ARC = YES;
				CLANG_ENABLE_OBJC_WEAK = YES;
				CLANG_WARN_BLOCK_CAPTURE_AUTORELEASING = YES;
				CLANG_WARN_BOOL_CONVERSION = YES;
				CLANG_WARN_COMMA = YES;
				CLANG_WARN_CONSTANT_CONVERSION = YES;
				CLANG_WARN_DEPRECATED_OBJC_IMPLEMENTATIONS = YES;
				CLANG_WARN_DIRECT_OBJC_ISA_USAGE = YES_ERROR;
				CLANG_WARN_DOCUMENTATION_COMMENTS = YES;
				CLANG_WARN_EMPTY_BODY = YES;
				CLANG_WARN_ENUM_CONVERSION = YES;
				CLANG_WARN_INFINITE_RECURSION = YES;
				CLANG_WARN_INT_CONVERSION = YES;
				CLANG_WARN_NON_LITERAL_NULL_CONVERSION = YES;
				CLANG_WARN_OBJC_IMPLICIT_RETAIN_SELF = YES;
				CLANG_WARN_OBJC_LITERAL_CONVERSION = YES;
				CLANG_WARN_OBJC_ROOT_CLASS = YES_ERROR;
				CLANG_WARN_QUOTED_INCLUDE_IN_FRAMEWORK_HEADER = YES;
				CLANG_WARN_RANGE_LOOP_ANALYSIS = YES;
				CLANG_WARN_STRICT_PROTOTYPES = YES;
				CLANG_WARN_SUSPICIOUS_MOVE = YES;
				CLANG_WARN_UNGUARDED_AVAILABILITY = YES_AGGRESSIVE;
				CLANG_WARN_UNREACHABLE_CODE = YES;
				CLANG_WARN__DUPLICATE_METHOD_MATCH = YES;
				COPY_PHASE_STRIP = NO;
				DEBUG_INFORMATION_FORMAT = dwarf;
				ENABLE_STRICT_OBJC_MSGSEND = YES;
				ENABLE_TESTABILITY = YES;
				ENABLE_USER_SCRIPT_SANDBOXING = YES;
				GCC_C_LANGUAGE_STANDARD = gnu17;
				GCC_DYNAMIC_NO_PIC = NO;
				GCC_NO_COMMON_BLOCKS = YES;
				GCC_OPTIMIZATION_LEVEL = 0;
				GCC_PREPROCESSOR_DEFINITIONS = (
					"DEBUG=1",
					"$(inherited)",
				);
				GCC_WARN_64_TO_32_BIT_CONVERSION = YES;
				GCC_WARN_ABOUT_RETURN_TYPE = YES_ERROR;
				GCC_WARN_UNDECLARED_SELECTOR = YES;
				GCC_WARN_UNINITIALIZED_AUTOS = YES_AGGRESSIVE;
				GCC_WARN_UNUSED_FUNCTION = YES;
				GCC_WARN_UNUSED_VARIABLE = YES;
				IPHONEOS_DEPLOYMENT_TARGET = 18.0;
				LOCALIZATION_PREFERS_STRING_CATALOGS = YES;
				MTL_ENABLE_DEBUG_INFO = INCLUDE_SOURCE;
				MTL_FAST_MATH = YES;
				ONLY_ACTIVE_ARCH = YES;
				SDKROOT = iphoneos;
				SWIFT_ACTIVE_COMPILATION_CONDITIONS = "DEBUG $(inherited)";
				SWIFT_OPTIMIZATION_LEVEL = "-Onone";
			};
			name = Debug;
		};
		C3BB3FF72CA6C77E00BC0725 /* Release */ = {
			isa = XCBuildConfiguration;
			buildSettings = {
				ALWAYS_SEARCH_USER_PATHS = NO;
				ASSETCATALOG_COMPILER_GENERATE_SWIFT_ASSET_SYMBOL_EXTENSIONS = YES;
				CLANG_ANALYZER_NONNULL = YES;
				CLANG_ANALYZER_NUMBER_OBJECT_CONVERSION = YES_AGGRESSIVE;
				CLANG_CXX_LANGUAGE_STANDARD = "gnu++20";
				CLANG_ENABLE_MODULES = YES;
				CLANG_ENABLE_OBJC_ARC = YES;
				CLANG_ENABLE_OBJC_WEAK = YES;
				CLANG_WARN_BLOCK_CAPTURE_AUTORELEASING = YES;
				CLANG_WARN_BOOL_CONVERSION = YES;
				CLANG_WARN_COMMA = YES;
				CLANG_WARN_CONSTANT_CONVERSION = YES;
				CLANG_WARN_DEPRECATED_OBJC_IMPLEMENTATIONS = YES;
				CLANG_WARN_DIRECT_OBJC_ISA_USAGE = YES_ERROR;
				CLANG_WARN_DOCUMENTATION_COMMENTS = YES;
				CLANG_WARN_EMPTY_BODY = YES;
				CLANG_WARN_ENUM_CONVERSION = YES;
				CLANG_WARN_INFINITE_RECURSION = YES;
				CLANG_WARN_INT_CONVERSION = YES;
				CLANG_WARN_NON_LITERAL_NULL_CONVERSION = YES;
				CLANG_WARN_OBJC_IMPLICIT_RETAIN_SELF = YES;
				CLANG_WARN_OBJC_LITERAL_CONVERSION = YES;
				CLANG_WARN_OBJC_ROOT_CLASS = YES_ERROR;
				CLANG_WARN_QUOTED_INCLUDE_IN_FRAMEWORK_HEADER = YES;
				CLANG_WARN_RANGE_LOOP_ANALYSIS = YES;
				CLANG_WARN_STRICT_PROTOTYPES = YES;
				CLANG_WARN_SUSPICIOUS_MOVE = YES;
				CLANG_WARN_UNGUARDED_AVAILABILITY = YES_AGGRESSIVE;
				CLANG_WARN_UNREACHABLE_CODE = YES;
				CLANG_WARN__DUPLICATE_METHOD_MATCH = YES;
				COPY_PHASE_STRIP = NO;
				DEBUG_INFORMATION_FORMAT = "dwarf-with-dsym";
				ENABLE_NS_ASSERTIONS = NO;
				ENABLE_STRICT_OBJC_MSGSEND = YES;
				ENABLE_USER_SCRIPT_SANDBOXING = YES;
				GCC_C_LANGUAGE_STANDARD = gnu17;
				GCC_NO_COMMON_BLOCKS = YES;
				GCC_WARN_64_TO_32_BIT_CONVERSION = YES;
				GCC_WARN_ABOUT_RETURN_TYPE = YES_ERROR;
				GCC_WARN_UNDECLARED_SELECTOR = YES;
				GCC_WARN_UNINITIALIZED_AUTOS = YES_AGGRESSIVE;
				GCC_WARN_UNUSED_FUNCTION = YES;
				GCC_WARN_UNUSED_VARIABLE = YES;
				IPHONEOS_DEPLOYMENT_TARGET = 18.0;
				LOCALIZATION_PREFERS_STRING_CATALOGS = YES;
				MTL_ENABLE_DEBUG_INFO = NO;
				MTL_FAST_MATH = YES;
				SDKROOT = iphoneos;
				SWIFT_COMPILATION_MODE = wholemodule;
				VALIDATE_PRODUCT = YES;
			};
			name = Release;
		};
		C3BB3FF92CA6C77E00BC0725 /* Debug */ = {
			isa = XCBuildConfiguration;
			buildSettings = {
				ASSETCATALOG_COMPILER_APPICON_NAME = AppIcon;
				ASSETCATALOG_COMPILER_GLOBAL_ACCENT_COLOR_NAME = AccentColor;
				CODE_SIGN_STYLE = Automatic;
				CURRENT_PROJECT_VERSION = 1;
				DEVELOPMENT_ASSET_PATHS = "\"MySugr/Preview Content\"";
				DEVELOPMENT_TEAM = A64D3XU5N5;
				ENABLE_PREVIEWS = YES;
				GENERATE_INFOPLIST_FILE = YES;
				INFOPLIST_KEY_UIApplicationSceneManifest_Generation = YES;
				INFOPLIST_KEY_UIApplicationSupportsIndirectInputEvents = YES;
				INFOPLIST_KEY_UILaunchScreen_Generation = YES;
				INFOPLIST_KEY_UISupportedInterfaceOrientations_iPad = "UIInterfaceOrientationPortrait UIInterfaceOrientationPortraitUpsideDown UIInterfaceOrientationLandscapeLeft UIInterfaceOrientationLandscapeRight";
				INFOPLIST_KEY_UISupportedInterfaceOrientations_iPhone = "UIInterfaceOrientationPortrait UIInterfaceOrientationLandscapeLeft UIInterfaceOrientationLandscapeRight";
				LD_RUNPATH_SEARCH_PATHS = (
					"$(inherited)",
					"@executable_path/Frameworks",
				);
				MARKETING_VERSION = 1.0;
				PRODUCT_BUNDLE_IDENTIFIER = com.tbobko.MySugr;
				PRODUCT_NAME = "$(TARGET_NAME)";
				SWIFT_EMIT_LOC_STRINGS = YES;
				SWIFT_VERSION = 5.0;
				TARGETED_DEVICE_FAMILY = "1,2";
			};
			name = Debug;
		};
		C3BB3FFA2CA6C77E00BC0725 /* Release */ = {
			isa = XCBuildConfiguration;
			buildSettings = {
				ASSETCATALOG_COMPILER_APPICON_NAME = AppIcon;
				ASSETCATALOG_COMPILER_GLOBAL_ACCENT_COLOR_NAME = AccentColor;
				CODE_SIGN_STYLE = Automatic;
				CURRENT_PROJECT_VERSION = 1;
				DEVELOPMENT_ASSET_PATHS = "\"MySugr/Preview Content\"";
				DEVELOPMENT_TEAM = A64D3XU5N5;
				ENABLE_PREVIEWS = YES;
				GENERATE_INFOPLIST_FILE = YES;
				INFOPLIST_KEY_UIApplicationSceneManifest_Generation = YES;
				INFOPLIST_KEY_UIApplicationSupportsIndirectInputEvents = YES;
				INFOPLIST_KEY_UILaunchScreen_Generation = YES;
				INFOPLIST_KEY_UISupportedInterfaceOrientations_iPad = "UIInterfaceOrientationPortrait UIInterfaceOrientationPortraitUpsideDown UIInterfaceOrientationLandscapeLeft UIInterfaceOrientationLandscapeRight";
				INFOPLIST_KEY_UISupportedInterfaceOrientations_iPhone = "UIInterfaceOrientationPortrait UIInterfaceOrientationLandscapeLeft UIInterfaceOrientationLandscapeRight";
				LD_RUNPATH_SEARCH_PATHS = (
					"$(inherited)",
					"@executable_path/Frameworks",
				);
				MARKETING_VERSION = 1.0;
				PRODUCT_BUNDLE_IDENTIFIER = com.tbobko.MySugr;
				PRODUCT_NAME = "$(TARGET_NAME)";
				SWIFT_EMIT_LOC_STRINGS = YES;
				SWIFT_VERSION = 5.0;
				TARGETED_DEVICE_FAMILY = "1,2";
			};
			name = Release;
		};
		C3BB3FFC2CA6C77E00BC0725 /* Debug */ = {
			isa = XCBuildConfiguration;
			buildSettings = {
				BUNDLE_LOADER = "$(TEST_HOST)";
				CODE_SIGN_STYLE = Automatic;
				CURRENT_PROJECT_VERSION = 1;
				DEVELOPMENT_TEAM = A64D3XU5N5;
				GENERATE_INFOPLIST_FILE = YES;
				IPHONEOS_DEPLOYMENT_TARGET = 18.0;
				MARKETING_VERSION = 1.0;
				PRODUCT_BUNDLE_IDENTIFIER = com.tbobko.MySugrTests;
				PRODUCT_NAME = "$(TARGET_NAME)";
				SWIFT_EMIT_LOC_STRINGS = NO;
				SWIFT_VERSION = 5.0;
				TARGETED_DEVICE_FAMILY = "1,2";
				TEST_HOST = "$(BUILT_PRODUCTS_DIR)/MySugr.app/$(BUNDLE_EXECUTABLE_FOLDER_PATH)/MySugr";
			};
			name = Debug;
		};
		C3BB3FFD2CA6C77E00BC0725 /* Release */ = {
			isa = XCBuildConfiguration;
			buildSettings = {
				BUNDLE_LOADER = "$(TEST_HOST)";
				CODE_SIGN_STYLE = Automatic;
				CURRENT_PROJECT_VERSION = 1;
				DEVELOPMENT_TEAM = A64D3XU5N5;
				GENERATE_INFOPLIST_FILE = YES;
				IPHONEOS_DEPLOYMENT_TARGET = 18.0;
				MARKETING_VERSION = 1.0;
				PRODUCT_BUNDLE_IDENTIFIER = com.tbobko.MySugrTests;
				PRODUCT_NAME = "$(TARGET_NAME)";
				SWIFT_EMIT_LOC_STRINGS = NO;
				SWIFT_VERSION = 5.0;
				TARGETED_DEVICE_FAMILY = "1,2";
				TEST_HOST = "$(BUILT_PRODUCTS_DIR)/MySugr.app/$(BUNDLE_EXECUTABLE_FOLDER_PATH)/MySugr";
			};
			name = Release;
		};
		C3BB3FFF2CA6C77E00BC0725 /* Debug */ = {
			isa = XCBuildConfiguration;
			buildSettings = {
				CODE_SIGN_STYLE = Automatic;
				CURRENT_PROJECT_VERSION = 1;
				DEVELOPMENT_TEAM = A64D3XU5N5;
				GENERATE_INFOPLIST_FILE = YES;
				MARKETING_VERSION = 1.0;
				PRODUCT_BUNDLE_IDENTIFIER = com.tbobko.MySugrUITests;
				PRODUCT_NAME = "$(TARGET_NAME)";
				SWIFT_EMIT_LOC_STRINGS = NO;
				SWIFT_VERSION = 5.0;
				TARGETED_DEVICE_FAMILY = "1,2";
				TEST_TARGET_NAME = MySugr;
			};
			name = Debug;
		};
		C3BB40002CA6C77E00BC0725 /* Release */ = {
			isa = XCBuildConfiguration;
			buildSettings = {
				CODE_SIGN_STYLE = Automatic;
				CURRENT_PROJECT_VERSION = 1;
				DEVELOPMENT_TEAM = A64D3XU5N5;
				GENERATE_INFOPLIST_FILE = YES;
				MARKETING_VERSION = 1.0;
				PRODUCT_BUNDLE_IDENTIFIER = com.tbobko.MySugrUITests;
				PRODUCT_NAME = "$(TARGET_NAME)";
				SWIFT_EMIT_LOC_STRINGS = NO;
				SWIFT_VERSION = 5.0;
				TARGETED_DEVICE_FAMILY = "1,2";
				TEST_TARGET_NAME = MySugr;
			};
			name = Release;
		};
/* End XCBuildConfiguration section */

/* Begin XCConfigurationList section */
		C3BB3FCF2CA6C77D00BC0725 /* Build configuration list for PBXProject "MySugr" */ = {
			isa = XCConfigurationList;
			buildConfigurations = (
				C3BB3FF62CA6C77E00BC0725 /* Debug */,
				C3BB3FF72CA6C77E00BC0725 /* Release */,
			);
			defaultConfigurationIsVisible = 0;
			defaultConfigurationName = Release;
		};
		C3BB3FF82CA6C77E00BC0725 /* Build configuration list for PBXNativeTarget "MySugr" */ = {
			isa = XCConfigurationList;
			buildConfigurations = (
				C3BB3FF92CA6C77E00BC0725 /* Debug */,
				C3BB3FFA2CA6C77E00BC0725 /* Release */,
			);
			defaultConfigurationIsVisible = 0;
			defaultConfigurationName = Release;
		};
		C3BB3FFB2CA6C77E00BC0725 /* Build configuration list for PBXNativeTarget "MySugrTests" */ = {
			isa = XCConfigurationList;
			buildConfigurations = (
				C3BB3FFC2CA6C77E00BC0725 /* Debug */,
				C3BB3FFD2CA6C77E00BC0725 /* Release */,
			);
			defaultConfigurationIsVisible = 0;
			defaultConfigurationName = Release;
		};
		C3BB3FFE2CA6C77E00BC0725 /* Build configuration list for PBXNativeTarget "MySugrUITests" */ = {
			isa = XCConfigurationList;
			buildConfigurations = (
				C3BB3FFF2CA6C77E00BC0725 /* Debug */,
				C3BB40002CA6C77E00BC0725 /* Release */,
			);
			defaultConfigurationIsVisible = 0;
			defaultConfigurationName = Release;
		};
/* End XCConfigurationList section */
	};
	rootObject = C3BB3FCC2CA6C77D00BC0725 /* Project object */;
}
